
Microsoft Visual Studio Solution File, Format Version 12.00
Project("{FAE04EC0-301F-11D3-BF4B-00C04F79EFBC}") = "xkcd", "xkcd\xkcd.csproj", "{F312EC9B-E22B-4373-9A62-3EB699923A04}"
EndProject
Global
	GlobalSection(SolutionConfigurationPlatforms) = preSolution
		Debug|Any CPU = Debug|Any CPU
		Release|Any CPU = Release|Any CPU
	EndGlobalSection
	GlobalSection(ProjectConfigurationPlatforms) = postSolution
		{F312EC9B-E22B-4373-9A62-3EB699923A04}.Debug|Any CPU.ActiveCfg = Debug|Any CPU
		{F312EC9B-E22B-4373-9A62-3EB699923A04}.Debug|Any CPU.Build.0 = Debug|Any CPU
		{F312EC9B-E22B-4373-9A62-3EB699923A04}.Release|Any CPU.ActiveCfg = Release|Any CPU
		{F312EC9B-E22B-4373-9A62-3EB699923A04}.Release|Any CPU.Build.0 = Release|Any CPU
	EndGlobalSection
EndGlobal
